// !$*UTF8*$!
{
	archiveVersion = 1;
	classes = {
	};
	objectVersion = 56;
	objects = {

/* Begin PBXBuildFile section */
		E03A29082BD7F7650025610F /* RecipeApplicationApp.swift in Sources */ = {isa = PBXBuildFile; fileRef = E03A29072BD7F7650025610F /* RecipeApplicationApp.swift */; };
		E03A290A2BD7F7650025610F /* ContentView.swift in Sources */ = {isa = PBXBuildFile; fileRef = E03A29092BD7F7650025610F /* ContentView.swift */; };
		E03A290C2BD7F7680025610F /* Assets.xcassets in Resources */ = {isa = PBXBuildFile; fileRef = E03A290B2BD7F7680025610F /* Assets.xcassets */; };
		E03A290F2BD7F7680025610F /* Preview Assets.xcassets in Resources */ = {isa = PBXBuildFile; fileRef = E03A290E2BD7F7680025610F /* Preview Assets.xcassets */; };
		E03A291A2BD7F9100025610F /* HomeView.swift in Sources */ = {isa = PBXBuildFile; fileRef = E03A29192BD7F9100025610F /* HomeView.swift */; };
		E03A291C2BD7F9360025610F /* CategoryView.swift in Sources */ = {isa = PBXBuildFile; fileRef = E03A291B2BD7F9360025610F /* CategoryView.swift */; };
		E03A291F2BD7F9530025610F /* NewRecipeView.swift in Sources */ = {isa = PBXBuildFile; fileRef = E03A291E2BD7F9530025610F /* NewRecipeView.swift */; };
		E03A29212BD7F9670025610F /* FavoritesView.swift in Sources */ = {isa = PBXBuildFile; fileRef = E03A29202BD7F9670025610F /* FavoritesView.swift */; };
		E03A29232BD7F9720025610F /* SettingsView.swift in Sources */ = {isa = PBXBuildFile; fileRef = E03A29222BD7F9720025610F /* SettingsView.swift */; };
		E03A29252BD7F9F70025610F /* TolBar.swift in Sources */ = {isa = PBXBuildFile; fileRef = E03A29242BD7F9F70025610F /* TolBar.swift */; };
		E03A29292BD7FD040025610F /* RecipeModel.swift in Sources */ = {isa = PBXBuildFile; fileRef = E03A29282BD7FD040025610F /* RecipeModel.swift */; };
		E04054D82BE9345500E32010 /* AddRecipeView.swift in Sources */ = {isa = PBXBuildFile; fileRef = E04054D72BE9345500E32010 /* AddRecipeView.swift */; };
		E054F6B32BEA279B000EE9DD /* FirebaseAnalytics in Frameworks */ = {isa = PBXBuildFile; productRef = E054F6B22BEA279B000EE9DD /* FirebaseAnalytics */; };
		E054F6B52BEA279B000EE9DD /* FirebaseAnalyticsOnDeviceConversion in Frameworks */ = {isa = PBXBuildFile; productRef = E054F6B42BEA279B000EE9DD /* FirebaseAnalyticsOnDeviceConversion */; };
		E054F6B72BEA279B000EE9DD /* FirebaseAnalyticsSwift in Frameworks */ = {isa = PBXBuildFile; productRef = E054F6B62BEA279B000EE9DD /* FirebaseAnalyticsSwift */; };
		E054F6B92BEA279B000EE9DD /* FirebaseAnalyticsWithoutAdIdSupport in Frameworks */ = {isa = PBXBuildFile; productRef = E054F6B82BEA279B000EE9DD /* FirebaseAnalyticsWithoutAdIdSupport */; };
		E054F6BB2BEA279B000EE9DD /* FirebaseAppCheck in Frameworks */ = {isa = PBXBuildFile; productRef = E054F6BA2BEA279B000EE9DD /* FirebaseAppCheck */; };
		E055DE7B2BF109E700E64C8D /* FirebaseAnalytics in Frameworks */ = {isa = PBXBuildFile; productRef = E055DE7A2BF109E700E64C8D /* FirebaseAnalytics */; };
		E055DE7D2BF109E700E64C8D /* FirebaseAnalyticsOnDeviceConversion in Frameworks */ = {isa = PBXBuildFile; productRef = E055DE7C2BF109E700E64C8D /* FirebaseAnalyticsOnDeviceConversion */; };
		E055DE7F2BF109E700E64C8D /* FirebaseAnalyticsSwift in Frameworks */ = {isa = PBXBuildFile; productRef = E055DE7E2BF109E700E64C8D /* FirebaseAnalyticsSwift */; };
		E055DE812BF109E700E64C8D /* FirebaseAnalyticsWithoutAdIdSupport in Frameworks */ = {isa = PBXBuildFile; productRef = E055DE802BF109E700E64C8D /* FirebaseAnalyticsWithoutAdIdSupport */; };
		E055DE832BF109E700E64C8D /* FirebaseAppCheck in Frameworks */ = {isa = PBXBuildFile; productRef = E055DE822BF109E700E64C8D /* FirebaseAppCheck */; };
		E069F5282BEA7DDF00E6D16A /* RecipesViewModel.swift in Sources */ = {isa = PBXBuildFile; fileRef = E069F5272BEA7DDF00E6D16A /* RecipesViewModel.swift */; };
		E074278D2BEA1F2A005184A0 /* DotLottie in Frameworks */ = {isa = PBXBuildFile; productRef = E074278C2BEA1F2A005184A0 /* DotLottie */; };
		E078AFE52BEE6A6C00782354 /* FirebaseAnalytics in Frameworks */ = {isa = PBXBuildFile; productRef = E078AFE42BEE6A6C00782354 /* FirebaseAnalytics */; };
		E078AFE72BEE6A6C00782354 /* FirebaseAnalyticsOnDeviceConversion in Frameworks */ = {isa = PBXBuildFile; productRef = E078AFE62BEE6A6C00782354 /* FirebaseAnalyticsOnDeviceConversion */; };
		E078AFE92BEE6A6C00782354 /* FirebaseAnalyticsSwift in Frameworks */ = {isa = PBXBuildFile; productRef = E078AFE82BEE6A6C00782354 /* FirebaseAnalyticsSwift */; };
		E078AFEB2BEE6A6C00782354 /* FirebaseAnalyticsWithoutAdIdSupport in Frameworks */ = {isa = PBXBuildFile; productRef = E078AFEA2BEE6A6C00782354 /* FirebaseAnalyticsWithoutAdIdSupport */; };
		E078AFED2BEE6A6C00782354 /* FirebaseAppCheck in Frameworks */ = {isa = PBXBuildFile; productRef = E078AFEC2BEE6A6C00782354 /* FirebaseAppCheck */; };
		E078AFF12BEE6BF000782354 /* LoginView.swift in Sources */ = {isa = PBXBuildFile; fileRef = E078AFF02BEE6BF000782354 /* LoginView.swift */; };
		E078AFF32BEE728800782354 /* FirebaseAnalytics in Frameworks */ = {isa = PBXBuildFile; productRef = E078AFF22BEE728800782354 /* FirebaseAnalytics */; };
		E078AFF52BEE728800782354 /* FirebaseAnalyticsOnDeviceConversion in Frameworks */ = {isa = PBXBuildFile; productRef = E078AFF42BEE728800782354 /* FirebaseAnalyticsOnDeviceConversion */; };
		E078AFF72BEE728800782354 /* FirebaseAnalyticsSwift in Frameworks */ = {isa = PBXBuildFile; productRef = E078AFF62BEE728800782354 /* FirebaseAnalyticsSwift */; };
		E078AFF92BEE728800782354 /* FirebaseAnalyticsWithoutAdIdSupport in Frameworks */ = {isa = PBXBuildFile; productRef = E078AFF82BEE728800782354 /* FirebaseAnalyticsWithoutAdIdSupport */; };
		E078AFFB2BEE728800782354 /* FirebaseAppCheck in Frameworks */ = {isa = PBXBuildFile; productRef = E078AFFA2BEE728800782354 /* FirebaseAppCheck */; };
		E078AFFD2BEE728800782354 /* FirebaseAppDistribution-Beta in Frameworks */ = {isa = PBXBuildFile; productRef = E078AFFC2BEE728800782354 /* FirebaseAppDistribution-Beta */; };
		E078AFFF2BEE728800782354 /* FirebaseAuth in Frameworks */ = {isa = PBXBuildFile; productRef = E078AFFE2BEE728800782354 /* FirebaseAuth */; };
		E078B0012BEE728800782354 /* FirebaseAuthCombine-Community in Frameworks */ = {isa = PBXBuildFile; productRef = E078B0002BEE728800782354 /* FirebaseAuthCombine-Community */; };
		E078B0032BEE728800782354 /* FirebaseCrashlytics in Frameworks */ = {isa = PBXBuildFile; productRef = E078B0022BEE728800782354 /* FirebaseCrashlytics */; };
		E078B0052BEE728800782354 /* FirebaseDatabase in Frameworks */ = {isa = PBXBuildFile; productRef = E078B0042BEE728800782354 /* FirebaseDatabase */; };
		E078B0072BEE728800782354 /* FirebaseDatabaseSwift in Frameworks */ = {isa = PBXBuildFile; productRef = E078B0062BEE728800782354 /* FirebaseDatabaseSwift */; };
		E078B0092BEE728800782354 /* FirebaseDynamicLinks in Frameworks */ = {isa = PBXBuildFile; productRef = E078B0082BEE728800782354 /* FirebaseDynamicLinks */; };
		E078B00B2BEE728800782354 /* FirebaseFirestore in Frameworks */ = {isa = PBXBuildFile; productRef = E078B00A2BEE728800782354 /* FirebaseFirestore */; };
		E078B00D2BEE728800782354 /* FirebaseFirestoreCombine-Community in Frameworks */ = {isa = PBXBuildFile; productRef = E078B00C2BEE728800782354 /* FirebaseFirestoreCombine-Community */; };
		E078B00F2BEE728800782354 /* FirebaseFirestoreSwift in Frameworks */ = {isa = PBXBuildFile; productRef = E078B00E2BEE728800782354 /* FirebaseFirestoreSwift */; };
		E078B0132BEE779E00782354 /* GoogleService-Info.plist in Resources */ = {isa = PBXBuildFile; fileRef = E078B0122BEE779E00782354 /* GoogleService-Info.plist */; };
		E09BC6502BD9352C0008028F /* RecipeCard.swift in Sources */ = {isa = PBXBuildFile; fileRef = E09BC64F2BD9352B0008028F /* RecipeCard.swift */; };
		E09BC6522BD93E3C0008028F /* RecipeList.swift in Sources */ = {isa = PBXBuildFile; fileRef = E09BC6512BD93E3C0008028F /* RecipeList.swift */; };
		E0A410D12BDFD29100E3552F /* RecipeView.swift in Sources */ = {isa = PBXBuildFile; fileRef = E0A410D02BDFD29100E3552F /* RecipeView.swift */; };
		E0AB91AB2BE91BFF003A2F9F /* CatView.swift in Sources */ = {isa = PBXBuildFile; fileRef = E0AB91AA2BE91BFF003A2F9F /* CatView.swift */; };
/* End PBXBuildFile section */

/* Begin PBXFileReference section */
		E03A29042BD7F7650025610F /* RecipeApplication.app */ = {isa = PBXFileReference; explicitFileType = wrapper.application; includeInIndex = 0; path = RecipeApplication.app; sourceTree = BUILT_PRODUCTS_DIR; };
		E03A29072BD7F7650025610F /* RecipeApplicationApp.swift */ = {isa = PBXFileReference; lastKnownFileType = sourcecode.swift; path = RecipeApplicationApp.swift; sourceTree = "<group>"; };
		E03A29092BD7F7650025610F /* ContentView.swift */ = {isa = PBXFileReference; lastKnownFileType = sourcecode.swift; path = ContentView.swift; sourceTree = "<group>"; };
		E03A290B2BD7F7680025610F /* Assets.xcassets */ = {isa = PBXFileReference; lastKnownFileType = folder.assetcatalog; path = Assets.xcassets; sourceTree = "<group>"; };
		E03A290E2BD7F7680025610F /* Preview Assets.xcassets */ = {isa = PBXFileReference; lastKnownFileType = folder.assetcatalog; path = "Preview Assets.xcassets"; sourceTree = "<group>"; };
		E03A29192BD7F9100025610F /* HomeView.swift */ = {isa = PBXFileReference; lastKnownFileType = sourcecode.swift; path = HomeView.swift; sourceTree = "<group>"; };
		E03A291B2BD7F9360025610F /* CategoryView.swift */ = {isa = PBXFileReference; lastKnownFileType = sourcecode.swift; path = CategoryView.swift; sourceTree = "<group>"; };
		E03A291E2BD7F9530025610F /* NewRecipeView.swift */ = {isa = PBXFileReference; lastKnownFileType = sourcecode.swift; path = NewRecipeView.swift; sourceTree = "<group>"; };
		E03A29202BD7F9670025610F /* FavoritesView.swift */ = {isa = PBXFileReference; lastKnownFileType = sourcecode.swift; path = FavoritesView.swift; sourceTree = "<group>"; };
		E03A29222BD7F9720025610F /* SettingsView.swift */ = {isa = PBXFileReference; lastKnownFileType = sourcecode.swift; path = SettingsView.swift; sourceTree = "<group>"; };
		E03A29242BD7F9F70025610F /* TolBar.swift */ = {isa = PBXFileReference; lastKnownFileType = sourcecode.swift; path = TolBar.swift; sourceTree = "<group>"; };
		E03A29282BD7FD040025610F /* RecipeModel.swift */ = {isa = PBXFileReference; lastKnownFileType = sourcecode.swift; path = RecipeModel.swift; sourceTree = "<group>"; };
		E04054D72BE9345500E32010 /* AddRecipeView.swift */ = {isa = PBXFileReference; lastKnownFileType = sourcecode.swift; path = AddRecipeView.swift; sourceTree = "<group>"; };
		E069F5272BEA7DDF00E6D16A /* RecipesViewModel.swift */ = {isa = PBXFileReference; lastKnownFileType = sourcecode.swift; path = RecipesViewModel.swift; sourceTree = "<group>"; };
		E078AFF02BEE6BF000782354 /* LoginView.swift */ = {isa = PBXFileReference; lastKnownFileType = sourcecode.swift; path = LoginView.swift; sourceTree = "<group>"; };
		E078B0122BEE779E00782354 /* GoogleService-Info.plist */ = {isa = PBXFileReference; fileEncoding = 4; lastKnownFileType = text.plist.xml; name = "GoogleService-Info.plist"; path = "../../../../../../../../Downloads/GoogleService-Info.plist"; sourceTree = "<group>"; };
		E09BC64F2BD9352B0008028F /* RecipeCard.swift */ = {isa = PBXFileReference; lastKnownFileType = sourcecode.swift; path = RecipeCard.swift; sourceTree = "<group>"; };
		E09BC6512BD93E3C0008028F /* RecipeList.swift */ = {isa = PBXFileReference; lastKnownFileType = sourcecode.swift; path = RecipeList.swift; sourceTree = "<group>"; };
		E0A410D02BDFD29100E3552F /* RecipeView.swift */ = {isa = PBXFileReference; lastKnownFileType = sourcecode.swift; path = RecipeView.swift; sourceTree = "<group>"; };
		E0AB91AA2BE91BFF003A2F9F /* CatView.swift */ = {isa = PBXFileReference; lastKnownFileType = sourcecode.swift; path = CatView.swift; sourceTree = "<group>"; };
/* End PBXFileReference section */

/* Begin PBXFrameworksBuildPhase section */
		E03A29012BD7F7650025610F /* Frameworks */ = {
			isa = PBXFrameworksBuildPhase;
			buildActionMask = 2147483647;
			files = (
				E055DE7F2BF109E700E64C8D /* FirebaseAnalyticsSwift in Frameworks */,
				E055DE812BF109E700E64C8D /* FirebaseAnalyticsWithoutAdIdSupport in Frameworks */,
				E078AFFB2BEE728800782354 /* FirebaseAppCheck in Frameworks */,
				E078AFE92BEE6A6C00782354 /* FirebaseAnalyticsSwift in Frameworks */,
				E078AFF92BEE728800782354 /* FirebaseAnalyticsWithoutAdIdSupport in Frameworks */,
				E055DE7D2BF109E700E64C8D /* FirebaseAnalyticsOnDeviceConversion in Frameworks */,
				E078AFEB2BEE6A6C00782354 /* FirebaseAnalyticsWithoutAdIdSupport in Frameworks */,
				E078AFF32BEE728800782354 /* FirebaseAnalytics in Frameworks */,
				E078B00B2BEE728800782354 /* FirebaseFirestore in Frameworks */,
				E078AFF52BEE728800782354 /* FirebaseAnalyticsOnDeviceConversion in Frameworks */,
				E078B00F2BEE728800782354 /* FirebaseFirestoreSwift in Frameworks */,
				E078AFF72BEE728800782354 /* FirebaseAnalyticsSwift in Frameworks */,
				E078B00D2BEE728800782354 /* FirebaseFirestoreCombine-Community in Frameworks */,
				E078AFE52BEE6A6C00782354 /* FirebaseAnalytics in Frameworks */,
				E055DE832BF109E700E64C8D /* FirebaseAppCheck in Frameworks */,
				E078B0072BEE728800782354 /* FirebaseDatabaseSwift in Frameworks */,
				E078B0092BEE728800782354 /* FirebaseDynamicLinks in Frameworks */,
				E054F6B72BEA279B000EE9DD /* FirebaseAnalyticsSwift in Frameworks */,
				E054F6B92BEA279B000EE9DD /* FirebaseAnalyticsWithoutAdIdSupport in Frameworks */,
				E054F6B32BEA279B000EE9DD /* FirebaseAnalytics in Frameworks */,
				E054F6B52BEA279B000EE9DD /* FirebaseAnalyticsOnDeviceConversion in Frameworks */,
				E055DE7B2BF109E700E64C8D /* FirebaseAnalytics in Frameworks */,
				E078B0052BEE728800782354 /* FirebaseDatabase in Frameworks */,
				E054F6BB2BEA279B000EE9DD /* FirebaseAppCheck in Frameworks */,
				E078AFFF2BEE728800782354 /* FirebaseAuth in Frameworks */,
				E074278D2BEA1F2A005184A0 /* DotLottie in Frameworks */,
				E078AFFD2BEE728800782354 /* FirebaseAppDistribution-Beta in Frameworks */,
				E078AFE72BEE6A6C00782354 /* FirebaseAnalyticsOnDeviceConversion in Frameworks */,
				E078B0032BEE728800782354 /* FirebaseCrashlytics in Frameworks */,
				E078B0012BEE728800782354 /* FirebaseAuthCombine-Community in Frameworks */,
				E078AFED2BEE6A6C00782354 /* FirebaseAppCheck in Frameworks */,
			);
			runOnlyForDeploymentPostprocessing = 0;
		};
/* End PBXFrameworksBuildPhase section */

/* Begin PBXGroup section */
		E03A28FB2BD7F7650025610F = {
			isa = PBXGroup;
			children = (
				E03A29062BD7F7650025610F /* RecipeApplication */,
				E03A29052BD7F7650025610F /* Products */,
			);
			sourceTree = "<group>";
		};
		E03A29052BD7F7650025610F /* Products */ = {
			isa = PBXGroup;
			children = (
				E03A29042BD7F7650025610F /* RecipeApplication.app */,
			);
			name = Products;
			sourceTree = "<group>";
		};
		E03A29062BD7F7650025610F /* RecipeApplication */ = {
			isa = PBXGroup;
			children = (
				E069F5262BEA7DBD00E6D16A /* ViewModels */,
				E03A29272BD7FCD70025610F /* Models */,
				E03A29072BD7F7650025610F /* RecipeApplicationApp.swift */,
				E03A29152BD7F7BC0025610F /* Views */,
				E03A290B2BD7F7680025610F /* Assets.xcassets */,
				E03A290D2BD7F7680025610F /* Preview Content */,
			);
			path = RecipeApplication;
			sourceTree = "<group>";
		};
		E03A290D2BD7F7680025610F /* Preview Content */ = {
			isa = PBXGroup;
			children = (
				E03A290E2BD7F7680025610F /* Preview Assets.xcassets */,
			);
			path = "Preview Content";
			sourceTree = "<group>";
		};
		E03A29152BD7F7BC0025610F /* Views */ = {
			isa = PBXGroup;
			children = (
				E03A29182BD7F7F10025610F /* Components */,
				E03A29172BD7F7E60025610F /* Details */,
				E03A29162BD7F7D40025610F /* Main */,
			);
			path = Views;
			sourceTree = "<group>";
		};
		E03A29162BD7F7D40025610F /* Main */ = {
			isa = PBXGroup;
			children = (
				E078B0122BEE779E00782354 /* GoogleService-Info.plist */,
				E03A29092BD7F7650025610F /* ContentView.swift */,
				E03A29192BD7F9100025610F /* HomeView.swift */,
				E03A291B2BD7F9360025610F /* CategoryView.swift */,
				E03A291E2BD7F9530025610F /* NewRecipeView.swift */,
				E03A29202BD7F9670025610F /* FavoritesView.swift */,
				E03A29222BD7F9720025610F /* SettingsView.swift */,
				E03A29242BD7F9F70025610F /* TolBar.swift */,
				E078AFF02BEE6BF000782354 /* LoginView.swift */,
			);
			path = Main;
			sourceTree = "<group>";
		};
		E03A29172BD7F7E60025610F /* Details */ = {
			isa = PBXGroup;
			children = (
				E0A410D02BDFD29100E3552F /* RecipeView.swift */,
				E0AB91AA2BE91BFF003A2F9F /* CatView.swift */,
				E04054D72BE9345500E32010 /* AddRecipeView.swift */,
			);
			path = Details;
			sourceTree = "<group>";
		};
		E03A29182BD7F7F10025610F /* Components */ = {
			isa = PBXGroup;
			children = (
				E09BC64F2BD9352B0008028F /* RecipeCard.swift */,
				E09BC6512BD93E3C0008028F /* RecipeList.swift */,
			);
			path = Components;
			sourceTree = "<group>";
		};
		E03A29272BD7FCD70025610F /* Models */ = {
			isa = PBXGroup;
			children = (
				E03A29282BD7FD040025610F /* RecipeModel.swift */,
			);
			path = Models;
			sourceTree = "<group>";
		};
		E069F5262BEA7DBD00E6D16A /* ViewModels */ = {
			isa = PBXGroup;
			children = (
				E069F5272BEA7DDF00E6D16A /* RecipesViewModel.swift */,
			);
			path = ViewModels;
			sourceTree = "<group>";
		};
/* End PBXGroup section */

/* Begin PBXNativeTarget section */
		E03A29032BD7F7650025610F /* RecipeApplication */ = {
			isa = PBXNativeTarget;
			buildConfigurationList = E03A29122BD7F7680025610F /* Build configuration list for PBXNativeTarget "RecipeApplication" */;
			buildPhases = (
				E03A29002BD7F7650025610F /* Sources */,
				E03A29012BD7F7650025610F /* Frameworks */,
				E03A29022BD7F7650025610F /* Resources */,
			);
			buildRules = (
			);
			dependencies = (
			);
			name = RecipeApplication;
			packageProductDependencies = (
				E074278C2BEA1F2A005184A0 /* DotLottie */,
				E054F6B22BEA279B000EE9DD /* FirebaseAnalytics */,
				E054F6B42BEA279B000EE9DD /* FirebaseAnalyticsOnDeviceConversion */,
				E054F6B62BEA279B000EE9DD /* FirebaseAnalyticsSwift */,
				E054F6B82BEA279B000EE9DD /* FirebaseAnalyticsWithoutAdIdSupport */,
				E054F6BA2BEA279B000EE9DD /* FirebaseAppCheck */,
				E078AFE42BEE6A6C00782354 /* FirebaseAnalytics */,
				E078AFE62BEE6A6C00782354 /* FirebaseAnalyticsOnDeviceConversion */,
				E078AFE82BEE6A6C00782354 /* FirebaseAnalyticsSwift */,
				E078AFEA2BEE6A6C00782354 /* FirebaseAnalyticsWithoutAdIdSupport */,
				E078AFEC2BEE6A6C00782354 /* FirebaseAppCheck */,
				E078AFF22BEE728800782354 /* FirebaseAnalytics */,
				E078AFF42BEE728800782354 /* FirebaseAnalyticsOnDeviceConversion */,
				E078AFF62BEE728800782354 /* FirebaseAnalyticsSwift */,
				E078AFF82BEE728800782354 /* FirebaseAnalyticsWithoutAdIdSupport */,
				E078AFFA2BEE728800782354 /* FirebaseAppCheck */,
				E078AFFC2BEE728800782354 /* FirebaseAppDistribution-Beta */,
				E078AFFE2BEE728800782354 /* FirebaseAuth */,
				E078B0002BEE728800782354 /* FirebaseAuthCombine-Community */,
				E078B0022BEE728800782354 /* FirebaseCrashlytics */,
				E078B0042BEE728800782354 /* FirebaseDatabase */,
				E078B0062BEE728800782354 /* FirebaseDatabaseSwift */,
				E078B0082BEE728800782354 /* FirebaseDynamicLinks */,
				E078B00A2BEE728800782354 /* FirebaseFirestore */,
				E078B00C2BEE728800782354 /* FirebaseFirestoreCombine-Community */,
				E078B00E2BEE728800782354 /* FirebaseFirestoreSwift */,
				E055DE7A2BF109E700E64C8D /* FirebaseAnalytics */,
				E055DE7C2BF109E700E64C8D /* FirebaseAnalyticsOnDeviceConversion */,
				E055DE7E2BF109E700E64C8D /* FirebaseAnalyticsSwift */,
				E055DE802BF109E700E64C8D /* FirebaseAnalyticsWithoutAdIdSupport */,
				E055DE822BF109E700E64C8D /* FirebaseAppCheck */,
			);
			productName = RecipeApplication;
			productReference = E03A29042BD7F7650025610F /* RecipeApplication.app */;
			productType = "com.apple.product-type.application";
		};
/* End PBXNativeTarget section */

/* Begin PBXProject section */
		E03A28FC2BD7F7650025610F /* Project object */ = {
			isa = PBXProject;
			attributes = {
				BuildIndependentTargetsInParallel = 1;
				LastSwiftUpdateCheck = 1520;
				LastUpgradeCheck = 1520;
				TargetAttributes = {
					E03A29032BD7F7650025610F = {
						CreatedOnToolsVersion = 15.2;
					};
				};
			};
			buildConfigurationList = E03A28FF2BD7F7650025610F /* Build configuration list for PBXProject "RecipeApplication" */;
			compatibilityVersion = "Xcode 14.0";
			developmentRegion = en;
			hasScannedForEncodings = 0;
			knownRegions = (
				en,
				Base,
			);
			mainGroup = E03A28FB2BD7F7650025610F;
			packageReferences = (
				E074278B2BEA1F2A005184A0 /* XCRemoteSwiftPackageReference "dotlottie-ios" */,
				E054F6B12BEA279B000EE9DD /* XCRemoteSwiftPackageReference "firebase-ios-sdk" */,
			);
			productRefGroup = E03A29052BD7F7650025610F /* Products */;
			projectDirPath = "";
			projectRoot = "";
			targets = (
				E03A29032BD7F7650025610F /* RecipeApplication */,
			);
		};
/* End PBXProject section */

/* Begin PBXResourcesBuildPhase section */
		E03A29022BD7F7650025610F /* Resources */ = {
			isa = PBXResourcesBuildPhase;
			buildActionMask = 2147483647;
			files = (
				E03A290F2BD7F7680025610F /* Preview Assets.xcassets in Resources */,
				E03A290C2BD7F7680025610F /* Assets.xcassets in Resources */,
				E078B0132BEE779E00782354 /* GoogleService-Info.plist in Resources */,
			);
			runOnlyForDeploymentPostprocessing = 0;
		};
/* End PBXResourcesBuildPhase section */

/* Begin PBXSourcesBuildPhase section */
		E03A29002BD7F7650025610F /* Sources */ = {
			isa = PBXSourcesBuildPhase;
			buildActionMask = 2147483647;
			files = (
				E04054D82BE9345500E32010 /* AddRecipeView.swift in Sources */,
				E03A29232BD7F9720025610F /* SettingsView.swift in Sources */,
				E09BC6502BD9352C0008028F /* RecipeCard.swift in Sources */,
				E03A291A2BD7F9100025610F /* HomeView.swift in Sources */,
				E03A291F2BD7F9530025610F /* NewRecipeView.swift in Sources */,
				E03A29252BD7F9F70025610F /* TolBar.swift in Sources */,
				E03A29212BD7F9670025610F /* FavoritesView.swift in Sources */,
				E0A410D12BDFD29100E3552F /* RecipeView.swift in Sources */,
				E09BC6522BD93E3C0008028F /* RecipeList.swift in Sources */,
				E03A290A2BD7F7650025610F /* ContentView.swift in Sources */,
				E03A291C2BD7F9360025610F /* CategoryView.swift in Sources */,
				E03A29082BD7F7650025610F /* RecipeApplicationApp.swift in Sources */,
				E069F5282BEA7DDF00E6D16A /* RecipesViewModel.swift in Sources */,
				E0AB91AB2BE91BFF003A2F9F /* CatView.swift in Sources */,
				E078AFF12BEE6BF000782354 /* LoginView.swift in Sources */,
				E03A29292BD7FD040025610F /* RecipeModel.swift in Sources */,
			);
			runOnlyForDeploymentPostprocessing = 0;
		};
/* End PBXSourcesBuildPhase section */

/* Begin XCBuildConfiguration section */
		E03A29102BD7F7680025610F /* Debug */ = {
			isa = XCBuildConfiguration;
			buildSettings = {
				ALWAYS_SEARCH_USER_PATHS = NO;
				ASSETCATALOG_COMPILER_GENERATE_SWIFT_ASSET_SYMBOL_EXTENSIONS = YES;
				CLANG_ANALYZER_NONNULL = YES;
				CLANG_ANALYZER_NUMBER_OBJECT_CONVERSION = YES_AGGRESSIVE;
				CLANG_CXX_LANGUAGE_STANDARD = "gnu++20";
				CLANG_ENABLE_MODULES = YES;
				CLANG_ENABLE_OBJC_ARC = YES;
				CLANG_ENABLE_OBJC_WEAK = YES;
				CLANG_WARN_BLOCK_CAPTURE_AUTORELEASING = YES;
				CLANG_WARN_BOOL_CONVERSION = YES;
				CLANG_WARN_COMMA = YES;
				CLANG_WARN_CONSTANT_CONVERSION = YES;
				CLANG_WARN_DEPRECATED_OBJC_IMPLEMENTATIONS = YES;
				CLANG_WARN_DIRECT_OBJC_ISA_USAGE = YES_ERROR;
				CLANG_WARN_DOCUMENTATION_COMMENTS = YES;
				CLANG_WARN_EMPTY_BODY = YES;
				CLANG_WARN_ENUM_CONVERSION = YES;
				CLANG_WARN_INFINITE_RECURSION = YES;
				CLANG_WARN_INT_CONVERSION = YES;
				CLANG_WARN_NON_LITERAL_NULL_CONVERSION = YES;
				CLANG_WARN_OBJC_IMPLICIT_RETAIN_SELF = YES;
				CLANG_WARN_OBJC_LITERAL_CONVERSION = YES;
				CLANG_WARN_OBJC_ROOT_CLASS = YES_ERROR;
				CLANG_WARN_QUOTED_INCLUDE_IN_FRAMEWORK_HEADER = YES;
				CLANG_WARN_RANGE_LOOP_ANALYSIS = YES;
				CLANG_WARN_STRICT_PROTOTYPES = YES;
				CLANG_WARN_SUSPICIOUS_MOVE = YES;
				CLANG_WARN_UNGUARDED_AVAILABILITY = YES_AGGRESSIVE;
				CLANG_WARN_UNREACHABLE_CODE = YES;
				CLANG_WARN__DUPLICATE_METHOD_MATCH = YES;
				COPY_PHASE_STRIP = NO;
				DEBUG_INFORMATION_FORMAT = dwarf;
				ENABLE_STRICT_OBJC_MSGSEND = YES;
				ENABLE_TESTABILITY = YES;
				ENABLE_USER_SCRIPT_SANDBOXING = YES;
				GCC_C_LANGUAGE_STANDARD = gnu17;
				GCC_DYNAMIC_NO_PIC = NO;
				GCC_NO_COMMON_BLOCKS = YES;
				GCC_OPTIMIZATION_LEVEL = 0;
				GCC_PREPROCESSOR_DEFINITIONS = (
					"DEBUG=1",
					"$(inherited)",
				);
				GCC_WARN_64_TO_32_BIT_CONVERSION = YES;
				GCC_WARN_ABOUT_RETURN_TYPE = YES_ERROR;
				GCC_WARN_UNDECLARED_SELECTOR = YES;
				GCC_WARN_UNINITIALIZED_AUTOS = YES_AGGRESSIVE;
				GCC_WARN_UNUSED_FUNCTION = YES;
				GCC_WARN_UNUSED_VARIABLE = YES;
				IPHONEOS_DEPLOYMENT_TARGET = 17.2;
				LOCALIZATION_PREFERS_STRING_CATALOGS = YES;
				MTL_ENABLE_DEBUG_INFO = INCLUDE_SOURCE;
				MTL_FAST_MATH = YES;
				ONLY_ACTIVE_ARCH = YES;
				SDKROOT = iphoneos;
				SWIFT_ACTIVE_COMPILATION_CONDITIONS = "DEBUG $(inherited)";
				SWIFT_OPTIMIZATION_LEVEL = "-Onone";
			};
			name = Debug;
		};
		E03A29112BD7F7680025610F /* Release */ = {
			isa = XCBuildConfiguration;
			buildSettings = {
				ALWAYS_SEARCH_USER_PATHS = NO;
				ASSETCATALOG_COMPILER_GENERATE_SWIFT_ASSET_SYMBOL_EXTENSIONS = YES;
				CLANG_ANALYZER_NONNULL = YES;
				CLANG_ANALYZER_NUMBER_OBJECT_CONVERSION = YES_AGGRESSIVE;
				CLANG_CXX_LANGUAGE_STANDARD = "gnu++20";
				CLANG_ENABLE_MODULES = YES;
				CLANG_ENABLE_OBJC_ARC = YES;
				CLANG_ENABLE_OBJC_WEAK = YES;
				CLANG_WARN_BLOCK_CAPTURE_AUTORELEASING = YES;
				CLANG_WARN_BOOL_CONVERSION = YES;
				CLANG_WARN_COMMA = YES;
				CLANG_WARN_CONSTANT_CONVERSION = YES;
				CLANG_WARN_DEPRECATED_OBJC_IMPLEMENTATIONS = YES;
				CLANG_WARN_DIRECT_OBJC_ISA_USAGE = YES_ERROR;
				CLANG_WARN_DOCUMENTATION_COMMENTS = YES;
				CLANG_WARN_EMPTY_BODY = YES;
				CLANG_WARN_ENUM_CONVERSION = YES;
				CLANG_WARN_INFINITE_RECURSION = YES;
				CLANG_WARN_INT_CONVERSION = YES;
				CLANG_WARN_NON_LITERAL_NULL_CONVERSION = YES;
				CLANG_WARN_OBJC_IMPLICIT_RETAIN_SELF = YES;
				CLANG_WARN_OBJC_LITERAL_CONVERSION = YES;
				CLANG_WARN_OBJC_ROOT_CLASS = YES_ERROR;
				CLANG_WARN_QUOTED_INCLUDE_IN_FRAMEWORK_HEADER = YES;
				CLANG_WARN_RANGE_LOOP_ANALYSIS = YES;
				CLANG_WARN_STRICT_PROTOTYPES = YES;
				CLANG_WARN_SUSPICIOUS_MOVE = YES;
				CLANG_WARN_UNGUARDED_AVAILABILITY = YES_AGGRESSIVE;
				CLANG_WARN_UNREACHABLE_CODE = YES;
				CLANG_WARN__DUPLICATE_METHOD_MATCH = YES;
				COPY_PHASE_STRIP = NO;
				DEBUG_INFORMATION_FORMAT = "dwarf-with-dsym";
				ENABLE_NS_ASSERTIONS = NO;
				ENABLE_STRICT_OBJC_MSGSEND = YES;
				ENABLE_USER_SCRIPT_SANDBOXING = YES;
				GCC_C_LANGUAGE_STANDARD = gnu17;
				GCC_NO_COMMON_BLOCKS = YES;
				GCC_WARN_64_TO_32_BIT_CONVERSION = YES;
				GCC_WARN_ABOUT_RETURN_TYPE = YES_ERROR;
				GCC_WARN_UNDECLARED_SELECTOR = YES;
				GCC_WARN_UNINITIALIZED_AUTOS = YES_AGGRESSIVE;
				GCC_WARN_UNUSED_FUNCTION = YES;
				GCC_WARN_UNUSED_VARIABLE = YES;
				IPHONEOS_DEPLOYMENT_TARGET = 17.2;
				LOCALIZATION_PREFERS_STRING_CATALOGS = YES;
				MTL_ENABLE_DEBUG_INFO = NO;
				MTL_FAST_MATH = YES;
				SDKROOT = iphoneos;
				SWIFT_COMPILATION_MODE = wholemodule;
				VALIDATE_PRODUCT = YES;
			};
			name = Release;
		};
		E03A29132BD7F7680025610F /* Debug */ = {
			isa = XCBuildConfiguration;
			buildSettings = {
				ASSETCATALOG_COMPILER_APPICON_NAME = AppIcon;
				ASSETCATALOG_COMPILER_GLOBAL_ACCENT_COLOR_NAME = AccentColor;
				CODE_SIGN_STYLE = Automatic;
				CURRENT_PROJECT_VERSION = 1;
				DEVELOPMENT_ASSET_PATHS = "\"RecipeApplication/Preview Content\"";
				ENABLE_PREVIEWS = YES;
				GENERATE_INFOPLIST_FILE = YES;
				INFOPLIST_KEY_UIApplicationSceneManifest_Generation = YES;
				INFOPLIST_KEY_UIApplicationSupportsIndirectInputEvents = YES;
				INFOPLIST_KEY_UILaunchScreen_Generation = YES;
				INFOPLIST_KEY_UISupportedInterfaceOrientations_iPad = "UIInterfaceOrientationPortrait UIInterfaceOrientationPortraitUpsideDown UIInterfaceOrientationLandscapeLeft UIInterfaceOrientationLandscapeRight";
				INFOPLIST_KEY_UISupportedInterfaceOrientations_iPhone = "UIInterfaceOrientationPortrait UIInterfaceOrientationLandscapeLeft UIInterfaceOrientationLandscapeRight";
				LD_RUNPATH_SEARCH_PATHS = (
					"$(inherited)",
					"@executable_path/Frameworks",
				);
				MARKETING_VERSION = 1.0;
				PRODUCT_BUNDLE_IDENTIFIER = Tekup.RecipeApplication;
				PRODUCT_NAME = "$(TARGET_NAME)";
				SWIFT_EMIT_LOC_STRINGS = YES;
				SWIFT_VERSION = 5.0;
				TARGETED_DEVICE_FAMILY = "1,2";
			};
			name = Debug;
		};
		E03A29142BD7F7680025610F /* Release */ = {
			isa = XCBuildConfiguration;
			buildSettings = {
				ASSETCATALOG_COMPILER_APPICON_NAME = AppIcon;
				ASSETCATALOG_COMPILER_GLOBAL_ACCENT_COLOR_NAME = AccentColor;
				CODE_SIGN_STYLE = Automatic;
				CURRENT_PROJECT_VERSION = 1;
				DEVELOPMENT_ASSET_PATHS = "\"RecipeApplication/Preview Content\"";
				ENABLE_PREVIEWS = YES;
				GENERATE_INFOPLIST_FILE = YES;
				INFOPLIST_KEY_UIApplicationSceneManifest_Generation = YES;
				INFOPLIST_KEY_UIApplicationSupportsIndirectInputEvents = YES;
				INFOPLIST_KEY_UILaunchScreen_Generation = YES;
				INFOPLIST_KEY_UISupportedInterfaceOrientations_iPad = "UIInterfaceOrientationPortrait UIInterfaceOrientationPortraitUpsideDown UIInterfaceOrientationLandscapeLeft UIInterfaceOrientationLandscapeRight";
				INFOPLIST_KEY_UISupportedInterfaceOrientations_iPhone = "UIInterfaceOrientationPortrait UIInterfaceOrientationLandscapeLeft UIInterfaceOrientationLandscapeRight";
				LD_RUNPATH_SEARCH_PATHS = (
					"$(inherited)",
					"@executable_path/Frameworks",
				);
				MARKETING_VERSION = 1.0;
				PRODUCT_BUNDLE_IDENTIFIER = Tekup.RecipeApplication;
				PRODUCT_NAME = "$(TARGET_NAME)";
				SWIFT_EMIT_LOC_STRINGS = YES;
				SWIFT_VERSION = 5.0;
				TARGETED_DEVICE_FAMILY = "1,2";
			};
			name = Release;
		};
/* End XCBuildConfiguration section */

/* Begin XCConfigurationList section */
		E03A28FF2BD7F7650025610F /* Build configuration list for PBXProject "RecipeApplication" */ = {
			isa = XCConfigurationList;
			buildConfigurations = (
				E03A29102BD7F7680025610F /* Debug */,
				E03A29112BD7F7680025610F /* Release */,
			);
			defaultConfigurationIsVisible = 0;
			defaultConfigurationName = Release;
		};
		E03A29122BD7F7680025610F /* Build configuration list for PBXNativeTarget "RecipeApplication" */ = {
			isa = XCConfigurationList;
			buildConfigurations = (
				E03A29132BD7F7680025610F /* Debug */,
				E03A29142BD7F7680025610F /* Release */,
			);
			defaultConfigurationIsVisible = 0;
			defaultConfigurationName = Release;
		};
/* End XCConfigurationList section */

/* Begin XCRemoteSwiftPackageReference section */
		E054F6B12BEA279B000EE9DD /* XCRemoteSwiftPackageReference "firebase-ios-sdk" */ = {
			isa = XCRemoteSwiftPackageReference;
			repositoryURL = "https://github.com/firebase/firebase-ios-sdk";
			requirement = {
				kind = upToNextMajorVersion;
				minimumVersion = 10.25.0;
			};
		};
		E074278B2BEA1F2A005184A0 /* XCRemoteSwiftPackageReference "dotlottie-ios" */ = {
			isa = XCRemoteSwiftPackageReference;
			repositoryURL = "https://github.com/LottieFiles/dotlottie-ios";
			requirement = {
				branch = main;
				kind = branch;
			};
		};
/* End XCRemoteSwiftPackageReference section */

/* Begin XCSwiftPackageProductDependency section */
		E054F6B22BEA279B000EE9DD /* FirebaseAnalytics */ = {
			isa = XCSwiftPackageProductDependency;
			package = E054F6B12BEA279B000EE9DD /* XCRemoteSwiftPackageReference "firebase-ios-sdk" */;
			productName = FirebaseAnalytics;
		};
		E054F6B42BEA279B000EE9DD /* FirebaseAnalyticsOnDeviceConversion */ = {
			isa = XCSwiftPackageProductDependency;
			package = E054F6B12BEA279B000EE9DD /* XCRemoteSwiftPackageReference "firebase-ios-sdk" */;
			productName = FirebaseAnalyticsOnDeviceConversion;
		};
		E054F6B62BEA279B000EE9DD /* FirebaseAnalyticsSwift */ = {
			isa = XCSwiftPackageProductDependency;
			package = E054F6B12BEA279B000EE9DD /* XCRemoteSwiftPackageReference "firebase-ios-sdk" */;
			productName = FirebaseAnalyticsSwift;
		};
		E054F6B82BEA279B000EE9DD /* FirebaseAnalyticsWithoutAdIdSupport */ = {
			isa = XCSwiftPackageProductDependency;
			package = E054F6B12BEA279B000EE9DD /* XCRemoteSwiftPackageReference "firebase-ios-sdk" */;
			productName = FirebaseAnalyticsWithoutAdIdSupport;
		};
		E054F6BA2BEA279B000EE9DD /* FirebaseAppCheck */ = {
			isa = XCSwiftPackageProductDependency;
			package = E054F6B12BEA279B000EE9DD /* XCRemoteSwiftPackageReference "firebase-ios-sdk" */;
			productName = FirebaseAppCheck;
		};
		E055DE7A2BF109E700E64C8D /* FirebaseAnalytics */ = {
			isa = XCSwiftPackageProductDependency;
			package = E054F6B12BEA279B000EE9DD /* XCRemoteSwiftPackageReference "firebase-ios-sdk" */;
			productName = FirebaseAnalytics;
		};
		E055DE7C2BF109E700E64C8D /* FirebaseAnalyticsOnDeviceConversion */ = {
			isa = XCSwiftPackageProductDependency;
			package = E054F6B12BEA279B000EE9DD /* XCRemoteSwiftPackageReference "firebase-ios-sdk" */;
			productName = FirebaseAnalyticsOnDeviceConversion;
		};
		E055DE7E2BF109E700E64C8D /* FirebaseAnalyticsSwift */ = {
			isa = XCSwiftPackageProductDependency;
			package = E054F6B12BEA279B000EE9DD /* XCRemoteSwiftPackageReference "firebase-ios-sdk" */;
			productName = FirebaseAnalyticsSwift;
		};
		E055DE802BF109E700E64C8D /* FirebaseAnalyticsWithoutAdIdSupport */ = {
			isa = XCSwiftPackageProductDependency;
			package = E054F6B12BEA279B000EE9DD /* XCRemoteSwiftPackageReference "firebase-ios-sdk" */;
			productName = FirebaseAnalyticsWithoutAdIdSupport;
		};
		E055DE822BF109E700E64C8D /* FirebaseAppCheck */ = {
			isa = XCSwiftPackageProductDependency;
			package = E054F6B12BEA279B000EE9DD /* XCRemoteSwiftPackageReference "firebase-ios-sdk" */;
			productName = FirebaseAppCheck;
		};
		E074278C2BEA1F2A005184A0 /* DotLottie */ = {
			isa = XCSwiftPackageProductDependency;
			package = E074278B2BEA1F2A005184A0 /* XCRemoteSwiftPackageReference "dotlottie-ios" */;
			productName = DotLottie;
		};
		E078AFE42BEE6A6C00782354 /* FirebaseAnalytics */ = {
			isa = XCSwiftPackageProductDependency;
			package = E054F6B12BEA279B000EE9DD /* XCRemoteSwiftPackageReference "firebase-ios-sdk" */;
			productName = FirebaseAnalytics;
		};
		E078AFE62BEE6A6C00782354 /* FirebaseAnalyticsOnDeviceConversion */ = {
			isa = XCSwiftPackageProductDependency;
			package = E054F6B12BEA279B000EE9DD /* XCRemoteSwiftPackageReference "firebase-ios-sdk" */;
			productName = FirebaseAnalyticsOnDeviceConversion;
		};
		E078AFE82BEE6A6C00782354 /* FirebaseAnalyticsSwift */ = {
			isa = XCSwiftPackageProductDependency;
			package = E054F6B12BEA279B000EE9DD /* XCRemoteSwiftPackageReference "firebase-ios-sdk" */;
			productName = FirebaseAnalyticsSwift;
		};
		E078AFEA2BEE6A6C00782354 /* FirebaseAnalyticsWithoutAdIdSupport */ = {
			isa = XCSwiftPackageProductDependency;
			package = E054F6B12BEA279B000EE9DD /* XCRemoteSwiftPackageReference "firebase-ios-sdk" */;
			productName = FirebaseAnalyticsWithoutAdIdSupport;
		};
		E078AFEC2BEE6A6C00782354 /* FirebaseAppCheck */ = {
			isa = XCSwiftPackageProductDependency;
			package = E054F6B12BEA279B000EE9DD /* XCRemoteSwiftPackageReference "firebase-ios-sdk" */;
			productName = FirebaseAppCheck;
		};
		E078AFF22BEE728800782354 /* FirebaseAnalytics */ = {
			isa = XCSwiftPackageProductDependency;
			package = E054F6B12BEA279B000EE9DD /* XCRemoteSwiftPackageReference "firebase-ios-sdk" */;
			productName = FirebaseAnalytics;
		};
		E078AFF42BEE728800782354 /* FirebaseAnalyticsOnDeviceConversion */ = {
			isa = XCSwiftPackageProductDependency;
			package = E054F6B12BEA279B000EE9DD /* XCRemoteSwiftPackageReference "firebase-ios-sdk" */;
			productName = FirebaseAnalyticsOnDeviceConversion;
		};
		E078AFF62BEE728800782354 /* FirebaseAnalyticsSwift */ = {
			isa = XCSwiftPackageProductDependency;
			package = E054F6B12BEA279B000EE9DD /* XCRemoteSwiftPackageReference "firebase-ios-sdk" */;
			productName = FirebaseAnalyticsSwift;
		};
		E078AFF82BEE728800782354 /* FirebaseAnalyticsWithoutAdIdSupport */ = {
			isa = XCSwiftPackageProductDependency;
			package = E054F6B12BEA279B000EE9DD /* XCRemoteSwiftPackageReference "firebase-ios-sdk" */;
			productName = FirebaseAnalyticsWithoutAdIdSupport;
		};
		E078AFFA2BEE728800782354 /* FirebaseAppCheck */ = {
			isa = XCSwiftPackageProductDependency;
			package = E054F6B12BEA279B000EE9DD /* XCRemoteSwiftPackageReference "firebase-ios-sdk" */;
			productName = FirebaseAppCheck;
		};
		E078AFFC2BEE728800782354 /* FirebaseAppDistribution-Beta */ = {
			isa = XCSwiftPackageProductDependency;
			package = E054F6B12BEA279B000EE9DD /* XCRemoteSwiftPackageReference "firebase-ios-sdk" */;
			productName = "FirebaseAppDistribution-Beta";
		};
		E078AFFE2BEE728800782354 /* FirebaseAuth */ = {
			isa = XCSwiftPackageProductDependency;
			package = E054F6B12BEA279B000EE9DD /* XCRemoteSwiftPackageReference "firebase-ios-sdk" */;
			productName = FirebaseAuth;
		};
		E078B0002BEE728800782354 /* FirebaseAuthCombine-Community */ = {
			isa = XCSwiftPackageProductDependency;
			package = E054F6B12BEA279B000EE9DD /* XCRemoteSwiftPackageReference "firebase-ios-sdk" */;
			productName = "FirebaseAuthCombine-Community";
		};
		E078B0022BEE728800782354 /* FirebaseCrashlytics */ = {
			isa = XCSwiftPackageProductDependency;
			package = E054F6B12BEA279B000EE9DD /* XCRemoteSwiftPackageReference "firebase-ios-sdk" */;
			productName = FirebaseCrashlytics;
		};
		E078B0042BEE728800782354 /* FirebaseDatabase */ = {
			isa = XCSwiftPackageProductDependency;
			package = E054F6B12BEA279B000EE9DD /* XCRemoteSwiftPackageReference "firebase-ios-sdk" */;
			productName = FirebaseDatabase;
		};
		E078B0062BEE728800782354 /* FirebaseDatabaseSwift */ = {
			isa = XCSwiftPackageProductDependency;
			package = E054F6B12BEA279B000EE9DD /* XCRemoteSwiftPackageReference "firebase-ios-sdk" */;
			productName = FirebaseDatabaseSwift;
		};
		E078B0082BEE728800782354 /* FirebaseDynamicLinks */ = {
			isa = XCSwiftPackageProductDependency;
			package = E054F6B12BEA279B000EE9DD /* XCRemoteSwiftPackageReference "firebase-ios-sdk" */;
			productName = FirebaseDynamicLinks;
		};
		E078B00A2BEE728800782354 /* FirebaseFirestore */ = {
			isa = XCSwiftPackageProductDependency;
			package = E054F6B12BEA279B000EE9DD /* XCRemoteSwiftPackageReference "firebase-ios-sdk" */;
			productName = FirebaseFirestore;
		};
		E078B00C2BEE728800782354 /* FirebaseFirestoreCombine-Community */ = {
			isa = XCSwiftPackageProductDependency;
			package = E054F6B12BEA279B000EE9DD /* XCRemoteSwiftPackageReference "firebase-ios-sdk" */;
			productName = "FirebaseFirestoreCombine-Community";
		};
		E078B00E2BEE728800782354 /* FirebaseFirestoreSwift */ = {
			isa = XCSwiftPackageProductDependency;
			package = E054F6B12BEA279B000EE9DD /* XCRemoteSwiftPackageReference "firebase-ios-sdk" */;
			productName = FirebaseFirestoreSwift;
		};
/* End XCSwiftPackageProductDependency section */
	};
	rootObject = E03A28FC2BD7F7650025610F /* Project object */;
}
